Microsoft Visual Studio Solution File, Format Version 12.00
# Visual Studio Version 17
VisualStudioVersion = 17.5.2.0
MinimumVisualStudioVersion = 10.0.40219.1
Project("{FAE04EC0-301F-11D3-BF4B-00C04F79EFBC}") = "Tarea3Brandon", "Tarea3Brandon.csproj", "{D681D010-CA79-0797-0E14-8E646918B54F}"
EndProject
Global
	GlobalSection(SolutionConfigurationPlatforms) = preSolution
		Debug|Any CPU = Debug|Any CPU
		Release|Any CPU = Release|Any CPU
	EndGlobalSection
	GlobalSection(ProjectConfigurationPlatforms) = postSolution
		{D681D010-CA79-0797-0E14-8E646918B54F}.Debug|Any CPU.ActiveCfg = Debug|Any CPU
		{D681D010-CA79-0797-0E14-8E646918B54F}.Debug|Any CPU.Build.0 = Debug|Any CPU
		{D681D010-CA79-0797-0E14-8E646918B54F}.Release|Any CPU.ActiveCfg = Release|Any CPU
		{D681D010-CA79-0797-0E14-8E646918B54F}.Release|Any CPU.Build.0 = Release|Any CPU
	EndGlobalSection
	GlobalSection(SolutionProperties) = preSolution
		HideSolutionNode = FALSE
	EndGlobalSection
	GlobalSection(ExtensibilityGlobals) = postSolution
		SolutionGuid = {9C2AFCC8-5452-43D5-9077-232345EE5FFE}
	EndGlobalSection
EndGlobal
